PODS:
  - Flutter (1.0.0)
  - Stripe (19.4.0)
  - stripe_native (0.0.1):
    - Flutter
    - Stripe

DEPENDENCIES:
  - Flutter (from `Flutter`)
  - stripe_native (from `.symlinks/plugins/stripe_native/ios`)

SPEC REPOS:
  trunk:
    - Stripe

EXTERNAL SOURCES:
  Flutter:
    :path: Flutter
  stripe_native:
    :path: ".symlinks/plugins/stripe_native/ios"

SPEC CHECKSUMS:
  Flutter: 434fef37c0980e73bb6479ef766c45957d4b510c
  Stripe: 92f1c73a9dbd3c54277ed06a1fea6e08f20414c6
  stripe_native: 7312b3f8aaa7e7d9a044af6a2ad9083298014329

PODFILE CHECKSUM: aafe91acc616949ddb318b77800a7f51bffa2a4c

COCOAPODS: 1.10.1
